
Microsoft Visual Studio Solution File, Format Version 12.00
# Visual Studio Version 16
VisualStudioVersion = 16.0.30413.136
MinimumVisualStudioVersion = 10.0.40219.1
Project("{FAE04EC0-301F-11D3-BF4B-00C04F79EFBC}") = "boucles", "boucles\boucles.csproj", "{F60ABDCB-8438-4FE2-99E1-816FC77AB2EC}"
EndProject
Global
	GlobalSection(SolutionConfigurationPlatforms) = preSolution
		Debug|Any CPU = Debug|Any CPU
		Release|Any CPU = Release|Any CPU
	EndGlobalSection
	GlobalSection(ProjectConfigurationPlatforms) = postSolution
		{F60ABDCB-8438-4FE2-99E1-816FC77AB2EC}.Debug|Any CPU.ActiveCfg = Debug|Any CPU
		{F60ABDCB-8438-4FE2-99E1-816FC77AB2EC}.Debug|Any CPU.Build.0 = Debug|Any CPU
		{F60ABDCB-8438-4FE2-99E1-816FC77AB2EC}.Release|Any CPU.ActiveCfg = Release|Any CPU
		{F60ABDCB-8438-4FE2-99E1-816FC77AB2EC}.Release|Any CPU.Build.0 = Release|Any CPU
	EndGlobalSection
	GlobalSection(SolutionProperties) = preSolution
		HideSolutionNode = FALSE
	EndGlobalSection
	GlobalSection(ExtensibilityGlobals) = postSolution
		SolutionGuid = {B8F920A0-525C-4AFE-95C0-7CFEA5803BC8}
	EndGlobalSection
EndGlobal
